
Microsoft Visual Studio Solution File, Format Version 12.00
# Visual Studio 2012
Project("{8BC9CEB8-8B4A-11D0-8D11-00A0C91BC942}") = "TaskQueue", "..\src\TaskQueue\TaskQueue.vcxproj", "{90C431C0-9759-4C62-9154-124767F4AAFF}"
EndProject
Project("{8BC9CEB8-8B4A-11D0-8D11-00A0C91BC942}") = "RWLock", "..\src\RWLock\RWLock.vcxproj", "{6BD91965-4CE8-4868-8836-95AE171D23D3}"
EndProject
Global
	GlobalSection(SolutionConfigurationPlatforms) = preSolution
		Debug|Win32 = Debug|Win32
		Release|Win32 = Release|Win32
	EndGlobalSection
	GlobalSection(ProjectConfigurationPlatforms) = postSolution
		{90C431C0-9759-4C62-9154-124767F4AAFF}.Debug|Win32.ActiveCfg = Debug|Win32
		{90C431C0-9759-4C62-9154-124767F4AAFF}.Debug|Win32.Build.0 = Debug|Win32
		{90C431C0-9759-4C62-9154-124767F4AAFF}.Release|Win32.ActiveCfg = Release|Win32
		{90C431C0-9759-4C62-9154-124767F4AAFF}.Release|Win32.Build.0 = Release|Win32
		{6BD91965-4CE8-4868-8836-95AE171D23D3}.Debug|Win32.ActiveCfg = Debug|Win32
		{6BD91965-4CE8-4868-8836-95AE171D23D3}.Debug|Win32.Build.0 = Debug|Win32
		{6BD91965-4CE8-4868-8836-95AE171D23D3}.Release|Win32.ActiveCfg = Release|Win32
		{6BD91965-4CE8-4868-8836-95AE171D23D3}.Release|Win32.Build.0 = Release|Win32
	EndGlobalSection
	GlobalSection(SolutionProperties) = preSolution
		HideSolutionNode = FALSE
	EndGlobalSection
EndGlobal
